github.com/buildkite/interpolate v0.0.0-20200526001904-07f35b4ae251 h1:k6UDF1uPYOs0iy1HPeotNa155qXRWrzKnqAaGXHLZCE=
github.com/buildkite/interpolate v0.0.0-20200526001904-07f35b4ae251/go.mod h1:gbPR1gPu9dB96mucYIR7T3B7p/78hRVSOuzIWLHK2Y4=
golang.org/x/net v0.5.0 h1:GyT4nK/YDHSqa1c4753ouYCDajOYKTja9Xb/OHtgvSw=
golang.org/x/net v0.5.0/go.mod h1:DivGGAXEgPSlEBzxGzZI+ZLohi+xUj054jfeKui00ws=
golang.org/x/text v0.6.0 h1:3XmdazWV+ubf7QgHSTWeykHOci5oeekaGJBLkrkaw4k=
golang.org/x/text v0.6.0/go.mod h1:mrYo+phRRbMaCq/xk9113O4dZlRixOauAjOtrjsXDZ8=
